
Microsoft Visual Studio Solution File, Format Version 12.00
# Visual Studio Version 17
VisualStudioVersion = 17.3.32901.215
MinimumVisualStudioVersion = 10.0.40219.1
Project("{FAE04EC0-301F-11D3-BF4B-00C04F79EFBC}") = "AvaloniaCompositionTest", "AvaloniaCompositionTest\AvaloniaCompositionTest.csproj", "{CA540B50-07A5-428F-A261-66E23E4661AF}"
EndProject
Global
	GlobalSection(SolutionConfigurationPlatforms) = preSolution
		Debug|Any CPU = Debug|Any CPU
		Release|Any CPU = Release|Any CPU
	EndGlobalSection
	GlobalSection(ProjectConfigurationPlatforms) = postSolution
		{CA540B50-07A5-428F-A261-66E23E4661AF}.Debug|Any CPU.ActiveCfg = Debug|Any CPU
		{CA540B50-07A5-428F-A261-66E23E4661AF}.Debug|Any CPU.Build.0 = Debug|Any CPU
		{CA540B50-07A5-428F-A261-66E23E4661AF}.Release|Any CPU.ActiveCfg = Release|Any CPU
		{CA540B50-07A5-428F-A261-66E23E4661AF}.Release|Any CPU.Build.0 = Release|Any CPU
	EndGlobalSection
	GlobalSection(SolutionProperties) = preSolution
		HideSolutionNode = FALSE
	EndGlobalSection
	GlobalSection(ExtensibilityGlobals) = postSolution
		SolutionGuid = {5872C8A4-E160-4A5E-9C6A-61F3E3BE732E}
	EndGlobalSection
EndGlobal
